
Microsoft Visual Studio Solution File, Format Version 12.00
# Visual Studio Version 17
VisualStudioVersion = 17.8.34330.188
MinimumVisualStudioVersion = 10.0.40219.1
Project("{FAE04EC0-301F-11D3-BF4B-00C04F79EFBC}") = "MovimientosNTT", "MovimientosNTT.csproj", "{927C2374-47DE-4AA2-A1A9-8C5E0E71AC33}"
EndProject
Global
	GlobalSection(SolutionConfigurationPlatforms) = preSolution
		Debug|Any CPU = Debug|Any CPU
		Release|Any CPU = Release|Any CPU
	EndGlobalSection
	GlobalSection(ProjectConfigurationPlatforms) = postSolution
		{927C2374-47DE-4AA2-A1A9-8C5E0E71AC33}.Debug|Any CPU.ActiveCfg = Debug|Any CPU
		{927C2374-47DE-4AA2-A1A9-8C5E0E71AC33}.Debug|Any CPU.Build.0 = Debug|Any CPU
		{927C2374-47DE-4AA2-A1A9-8C5E0E71AC33}.Release|Any CPU.ActiveCfg = Release|Any CPU
		{927C2374-47DE-4AA2-A1A9-8C5E0E71AC33}.Release|Any CPU.Build.0 = Release|Any CPU
	EndGlobalSection
	GlobalSection(SolutionProperties) = preSolution
		HideSolutionNode = FALSE
	EndGlobalSection
	GlobalSection(ExtensibilityGlobals) = postSolution
		SolutionGuid = {082A4C08-7D97-4B39-A3FC-F92E78674132}
	EndGlobalSection
EndGlobal
